
Microsoft Visual Studio Solution File, Format Version 12.00
# Visual Studio 15
VisualStudioVersion = 15.0.27703.2042
MinimumVisualStudioVersion = 10.0.40219.1
Project("{8BC9CEB8-8B4A-11D0-8D11-00A0C91BC942}") = "videocapture", "videocapture.vcxproj", "{393221FC-E14A-45BF-923C-6E8E89B651FE}"
EndProject
Global
	GlobalSection(SolutionConfigurationPlatforms) = preSolution
		Debug|ARM = Debug|ARM
		Debug|x64 = Debug|x64
		Debug|x86 = Debug|x86
		Release|ARM = Release|ARM
		Release|x64 = Release|x64
		Release|x86 = Release|x86
	EndGlobalSection
	GlobalSection(ProjectConfigurationPlatforms) = postSolution
		{393221FC-E14A-45BF-923C-6E8E89B651FE}.Debug|ARM.ActiveCfg = Debug|ARM
		{393221FC-E14A-45BF-923C-6E8E89B651FE}.Debug|ARM.Build.0 = Debug|ARM
		{393221FC-E14A-45BF-923C-6E8E89B651FE}.Debug|x64.ActiveCfg = Debug|x64
		{393221FC-E14A-45BF-923C-6E8E89B651FE}.Debug|x64.Build.0 = Debug|x64
		{393221FC-E14A-45BF-923C-6E8E89B651FE}.Debug|x86.ActiveCfg = Debug|x86
		{393221FC-E14A-45BF-923C-6E8E89B651FE}.Debug|x86.Build.0 = Debug|x86
		{393221FC-E14A-45BF-923C-6E8E89B651FE}.Release|ARM.ActiveCfg = Release|ARM
		{393221FC-E14A-45BF-923C-6E8E89B651FE}.Release|ARM.Build.0 = Release|ARM
		{393221FC-E14A-45BF-923C-6E8E89B651FE}.Release|x64.ActiveCfg = Release|x64
		{393221FC-E14A-45BF-923C-6E8E89B651FE}.Release|x64.Build.0 = Release|x64
		{393221FC-E14A-45BF-923C-6E8E89B651FE}.Release|x86.ActiveCfg = Release|x86
		{393221FC-E14A-45BF-923C-6E8E89B651FE}.Release|x86.Build.0 = Release|x86
	EndGlobalSection
	GlobalSection(SolutionProperties) = preSolution
		HideSolutionNode = FALSE
	EndGlobalSection
	GlobalSection(ExtensibilityGlobals) = postSolution
		SolutionGuid = {D2031DA6-42DE-4240-A3EC-9E2E3EE790B6}
	EndGlobalSection
EndGlobal
